{
  "name": "feedme-order-controller",
  "version": "1.0.0",
  "lockfileVersion": 3,
  "requires": true,
  "packages": {
    "": {
      "name": "feedme-order-controller",
      "version": "1.0.0",
      "license": "Apache-2.0",
      "bin": {
        "order-controller": "src/cli.js"
      },
      "engines": {
        "node": ">=22"
      }
    }
  }
}
